// !$*UTF8*$!
{
	archiveVersion = 1;
	classes = {
	};
	objectVersion = 46;
	objects = {

/* Begin PBXBuildFile section */
		9CE2D5401F0B8233007DD94E /* AppDelegate.swift in Sources */ = {isa = PBXBuildFile; fileRef = 9CE2D53F1F0B8233007DD94E /* AppDelegate.swift */; };
		9CE2D5421F0B8233007DD94E /* ViewController.swift in Sources */ = {isa = PBXBuildFile; fileRef = 9CE2D5411F0B8233007DD94E /* ViewController.swift */; };
		9CE2D5451F0B8233007DD94E /* Main.storyboard in Resources */ = {isa = PBXBuildFile; fileRef = 9CE2D5431F0B8233007DD94E /* Main.storyboard */; };
		9CE2D5471F0B8233007DD94E /* Assets.xcassets in Resources */ = {isa = PBXBuildFile; fileRef = 9CE2D5461F0B8233007DD94E /* Assets.xcassets */; };
		9CE2D54A1F0B8233007DD94E /* LaunchScreen.storyboard in Resources */ = {isa = PBXBuildFile; fileRef = 9CE2D5481F0B8233007DD94E /* LaunchScreen.storyboard */; };
		9CE2D5541F0B85FD007DD94E /* Viewer.swift in Sources */ = {isa = PBXBuildFile; fileRef = 9CE2D5531F0B85FD007DD94E /* Viewer.swift */; };
		9CE2D5561F0B8614007DD94E /* Viewer_protocol.swift in Sources */ = {isa = PBXBuildFile; fileRef = 9CE2D5551F0B8614007DD94E /* Viewer_protocol.swift */; };
		9CE2D5581F0B8A06007DD94E /* Viewer_Item.swift in Sources */ = {isa = PBXBuildFile; fileRef = 9CE2D5571F0B8A06007DD94E /* Viewer_Item.swift */; };
		9CE2D55A1F0B979E007DD94E /* Viewer_Model.swift in Sources */ = {isa = PBXBuildFile; fileRef = 9CE2D5591F0B979E007DD94E /* Viewer_Model.swift */; };
/* End PBXBuildFile section */

/* Begin PBXFileReference section */
		9CE2D53C1F0B8233007DD94E /* EasyViewer.app */ = {isa = PBXFileReference; explicitFileType = wrapper.application; includeInIndex = 0; path = EasyViewer.app; sourceTree = BUILT_PRODUCTS_DIR; };
		9CE2D53F1F0B8233007DD94E /* AppDelegate.swift */ = {isa = PBXFileReference; lastKnownFileType = sourcecode.swift; path = AppDelegate.swift; sourceTree = "<group>"; };
		9CE2D5411F0B8233007DD94E /* ViewController.swift */ = {isa = PBXFileReference; lastKnownFileType = sourcecode.swift; path = ViewController.swift; sourceTree = "<group>"; };
		9CE2D5441F0B8233007DD94E /* Base */ = {isa = PBXFileReference; lastKnownFileType = file.storyboard; name = Base; path = Base.lproj/Main.storyboard; sourceTree = "<group>"; };
		9CE2D5461F0B8233007DD94E /* Assets.xcassets */ = {isa = PBXFileReference; lastKnownFileType = folder.assetcatalog; path = Assets.xcassets; sourceTree = "<group>"; };
		9CE2D5491F0B8233007DD94E /* Base */ = {isa = PBXFileReference; lastKnownFileType = file.storyboard; name = Base; path = Base.lproj/LaunchScreen.storyboard; sourceTree = "<group>"; };
		9CE2D54B1F0B8233007DD94E /* Info.plist */ = {isa = PBXFileReference; lastKnownFileType = text.plist.xml; path = Info.plist; sourceTree = "<group>"; };
		9CE2D5531F0B85FD007DD94E /* Viewer.swift */ = {isa = PBXFileReference; fileEncoding = 4; lastKnownFileType = sourcecode.swift; path = Viewer.swift; sourceTree = "<group>"; };
		9CE2D5551F0B8614007DD94E /* Viewer_protocol.swift */ = {isa = PBXFileReference; fileEncoding = 4; lastKnownFileType = sourcecode.swift; path = Viewer_protocol.swift; sourceTree = "<group>"; };
		9CE2D5571F0B8A06007DD94E /* Viewer_Item.swift */ = {isa = PBXFileReference; fileEncoding = 4; lastKnownFileType = sourcecode.swift; path = Viewer_Item.swift; sourceTree = "<group>"; };
		9CE2D5591F0B979E007DD94E /* Viewer_Model.swift */ = {isa = PBXFileReference; fileEncoding = 4; lastKnownFileType = sourcecode.swift; path = Viewer_Model.swift; sourceTree = "<group>"; };
/* End PBXFileReference section */

/* Begin PBXFrameworksBuildPhase section */
		9CE2D5391F0B8233007DD94E /* Frameworks */ = {
			isa = PBXFrameworksBuildPhase;
			buildActionMask = 2147483647;
			files = (
			);
			runOnlyForDeploymentPostprocessing = 0;
		};
/* End PBXFrameworksBuildPhase section */

/* Begin PBXGroup section */
		9CE2D5331F0B8233007DD94E = {
			isa = PBXGroup;
			children = (
				9CE2D53E1F0B8233007DD94E /* EasyViewer */,
				9CE2D53D1F0B8233007DD94E /* Products */,
			);
			sourceTree = "<group>";
		};
		9CE2D53D1F0B8233007DD94E /* Products */ = {
			isa = PBXGroup;
			children = (
				9CE2D53C1F0B8233007DD94E /* EasyViewer.app */,
			);
			name = Products;
			sourceTree = "<group>";
		};
		9CE2D53E1F0B8233007DD94E /* EasyViewer */ = {
			isa = PBXGroup;
			children = (
				9CE2D5431F0B8233007DD94E /* Main.storyboard */,
				9CE2D5411F0B8233007DD94E /* ViewController.swift */,
				9CE2D5511F0B8303007DD94E /* Project Files */,
				9CE2D5521F0B831F007DD94E /* Viewer */,
			);
			path = EasyViewer;
			sourceTree = "<group>";
		};
		9CE2D5511F0B8303007DD94E /* Project Files */ = {
			isa = PBXGroup;
			children = (
				9CE2D53F1F0B8233007DD94E /* AppDelegate.swift */,
				9CE2D5461F0B8233007DD94E /* Assets.xcassets */,
				9CE2D5481F0B8233007DD94E /* LaunchScreen.storyboard */,
				9CE2D54B1F0B8233007DD94E /* Info.plist */,
			);
			name = "Project Files";
			sourceTree = "<group>";
		};
		9CE2D5521F0B831F007DD94E /* Viewer */ = {
			isa = PBXGroup;
			children = (
				9CE2D5531F0B85FD007DD94E /* Viewer.swift */,
				9CE2D5571F0B8A06007DD94E /* Viewer_Item.swift */,
				9CE2D5591F0B979E007DD94E /* Viewer_Model.swift */,
				9CE2D5551F0B8614007DD94E /* Viewer_protocol.swift */,
			);
			path = Viewer;
			sourceTree = SOURCE_ROOT;
		};
/* End PBXGroup section */

/* Begin PBXNativeTarget section */
		9CE2D53B1F0B8233007DD94E /* EasyViewer */ = {
			isa = PBXNativeTarget;
			buildConfigurationList = 9CE2D54E1F0B8233007DD94E /* Build configuration list for PBXNativeTarget "EasyViewer" */;
			buildPhases = (
				9CE2D5381F0B8233007DD94E /* Sources */,
				9CE2D5391F0B8233007DD94E /* Frameworks */,
				9CE2D53A1F0B8233007DD94E /* Resources */,
			);
			buildRules = (
			);
			dependencies = (
			);
			name = EasyViewer;
			productName = EasyViewer;
			productReference = 9CE2D53C1F0B8233007DD94E /* EasyViewer.app */;
			productType = "com.apple.product-type.application";
		};
/* End PBXNativeTarget section */

/* Begin PBXProject section */
		9CE2D5341F0B8233007DD94E /* Project object */ = {
			isa = PBXProject;
			attributes = {
				LastSwiftUpdateCheck = 0830;
				LastUpgradeCheck = 0830;
				ORGANIZATIONNAME = Myron;
				TargetAttributes = {
					9CE2D53B1F0B8233007DD94E = {
						CreatedOnToolsVersion = 8.3.3;
						DevelopmentTeam = 9X2EVZ736U;
						ProvisioningStyle = Automatic;
					};
				};
			};
			buildConfigurationList = 9CE2D5371F0B8233007DD94E /* Build configuration list for PBXProject "EasyViewer" */;
			compatibilityVersion = "Xcode 3.2";
			developmentRegion = English;
			hasScannedForEncodings = 0;
			knownRegions = (
				en,
				Base,
			);
			mainGroup = 9CE2D5331F0B8233007DD94E;
			productRefGroup = 9CE2D53D1F0B8233007DD94E /* Products */;
			projectDirPath = "";
			projectRoot = "";
			targets = (
				9CE2D53B1F0B8233007DD94E /* EasyViewer */,
			);
		};
/* End PBXProject section */

/* Begin PBXResourcesBuildPhase section */
		9CE2D53A1F0B8233007DD94E /* Resources */ = {
			isa = PBXResourcesBuildPhase;
			buildActionMask = 2147483647;
			files = (
				9CE2D54A1F0B8233007DD94E /* LaunchScreen.storyboard in Resources */,
				9CE2D5471F0B8233007DD94E /* Assets.xcassets in Resources */,
				9CE2D5451F0B8233007DD94E /* Main.storyboard in Resources */,
			);
			runOnlyForDeploymentPostprocessing = 0;
		};
/* End PBXResourcesBuildPhase section */

/* Begin PBXSourcesBuildPhase section */
		9CE2D5381F0B8233007DD94E /* Sources */ = {
			isa = PBXSourcesBuildPhase;
			buildActionMask = 2147483647;
			files = (
				9CE2D5541F0B85FD007DD94E /* Viewer.swift in Sources */,
				9CE2D55A1F0B979E007DD94E /* Viewer_Model.swift in Sources */,
				9CE2D5581F0B8A06007DD94E /* Viewer_Item.swift in Sources */,
				9CE2D5421F0B8233007DD94E /* ViewController.swift in Sources */,
				9CE2D5401F0B8233007DD94E /* AppDelegate.swift in Sources */,
				9CE2D5561F0B8614007DD94E /* Viewer_protocol.swift in Sources */,
			);
			runOnlyForDeploymentPostprocessing = 0;
		};
/* End PBXSourcesBuildPhase section */

/* Begin PBXVariantGroup section */
		9CE2D5431F0B8233007DD94E /* Main.storyboard */ = {
			isa = PBXVariantGroup;
			children = (
				9CE2D5441F0B8233007DD94E /* Base */,
			);
			name = Main.storyboard;
			sourceTree = "<group>";
		};
		9CE2D5481F0B8233007DD94E /* LaunchScreen.storyboard */ = {
			isa = PBXVariantGroup;
			children = (
				9CE2D5491F0B8233007DD94E /* Base */,
			);
			name = LaunchScreen.storyboard;
			sourceTree = "<group>";
		};
/* End PBXVariantGroup section */

/* Begin XCBuildConfiguration section */
		9CE2D54C1F0B8233007DD94E /* Debug */ = {
			isa = XCBuildConfiguration;
			buildSettings = {
				ALWAYS_SEARCH_USER_PATHS = NO;
				CLANG_ANALYZER_NONNULL = YES;
				CLANG_ANALYZER_NUMBER_OBJECT_CONVERSION = YES_AGGRESSIVE;
				CLANG_CXX_LANGUAGE_STANDARD = "gnu++0x";
				CLANG_CXX_LIBRARY = "libc++";
				CLANG_ENABLE_MODULES = YES;
				CLANG_ENABLE_OBJC_ARC = YES;
				CLANG_WARN_BOOL_CONVERSION = YES;
				CLANG_WARN_CONSTANT_CONVERSION = YES;
				CLANG_WARN_DIRECT_OBJC_ISA_USAGE = YES_ERROR;
				CLANG_WARN_DOCUMENTATION_COMMENTS = YES;
				CLANG_WARN_EMPTY_BODY = YES;
				CLANG_WARN_ENUM_CONVERSION = YES;
				CLANG_WARN_INFINITE_RECURSION = YES;
				CLANG_WARN_INT_CONVERSION = YES;
				CLANG_WARN_OBJC_ROOT_CLASS = YES_ERROR;
				CLANG_WARN_SUSPICIOUS_MOVE = YES;
				CLANG_WARN_UNREACHABLE_CODE = YES;
				CLANG_WARN__DUPLICATE_METHOD_MATCH = YES;
				"CODE_SIGN_IDENTITY[sdk=iphoneos*]" = "iPhone Developer";
				COPY_PHASE_STRIP = NO;
				DEBUG_INFORMATION_FORMAT = dwarf;
				ENABLE_STRICT_OBJC_MSGSEND = YES;
				ENABLE_TESTABILITY = YES;
				GCC_C_LANGUAGE_STANDARD = gnu99;
				GCC_DYNAMIC_NO_PIC = NO;
				GCC_NO_COMMON_BLOCKS = YES;
				GCC_OPTIMIZATION_LEVEL = 0;
				GCC_PREPROCESSOR_DEFINITIONS = (
					"DEBUG=1",
					"$(inherited)",
				);
				GCC_WARN_64_TO_32_BIT_CONVERSION = YES;
				GCC_WARN_ABOUT_RETURN_TYPE = YES_ERROR;
				GCC_WARN_UNDECLARED_SELECTOR = YES;
				GCC_WARN_UNINITIALIZED_AUTOS = YES_AGGRESSIVE;
				GCC_WARN_UNUSED_FUNCTION = YES;
				GCC_WARN_UNUSED_VARIABLE = YES;
				IPHONEOS_DEPLOYMENT_TARGET = 10.3;
				MTL_ENABLE_DEBUG_INFO = YES;
				ONLY_ACTIVE_ARCH = YES;
				SDKROOT = iphoneos;
				SWIFT_ACTIVE_COMPILATION_CONDITIONS = DEBUG;
				SWIFT_OPTIMIZATION_LEVEL = "-Onone";
				TARGETED_DEVICE_FAMILY = "1,2";
			};
			name = Debug;
		};
		9CE2D54D1F0B8233007DD94E /* Release */ = {
			isa = XCBuildConfiguration;
			buildSettings = {
				ALWAYS_SEARCH_USER_PATHS = NO;
				CLANG_ANALYZER_NONNULL = YES;
				CLANG_ANALYZER_NUMBER_OBJECT_CONVERSION = YES_AGGRESSIVE;
				CLANG_CXX_LANGUAGE_STANDARD = "gnu++0x";
				CLANG_CXX_LIBRARY = "libc++";
				CLANG_ENABLE_MODULES = YES;
				CLANG_ENABLE_OBJC_ARC = YES;
				CLANG_WARN_BOOL_CONVERSION = YES;
				CLANG_WARN_CONSTANT_CONVERSION = YES;
				CLANG_WARN_DIRECT_OBJC_ISA_USAGE = YES_ERROR;
				CLANG_WARN_DOCUMENTATION_COMMENTS = YES;
				CLANG_WARN_EMPTY_BODY = YES;
				CLANG_WARN_ENUM_CONVERSION = YES;
				CLANG_WARN_INFINITE_RECURSION = YES;
				CLANG_WARN_INT_CONVERSION = YES;
				CLANG_WARN_OBJC_ROOT_CLASS = YES_ERROR;
				CLANG_WARN_SUSPICIOUS_MOVE = YES;
				CLANG_WARN_UNREACHABLE_CODE = YES;
				CLANG_WARN__DUPLICATE_METHOD_MATCH = YES;
				"CODE_SIGN_IDENTITY[sdk=iphoneos*]" = "iPhone Developer";
				COPY_PHASE_STRIP = NO;
				DEBUG_INFORMATION_FORMAT = "dwarf-with-dsym";
				ENABLE_NS_ASSERTIONS = NO;
				ENABLE_STRICT_OBJC_MSGSEND = YES;
				GCC_C_LANGUAGE_STANDARD = gnu99;
				GCC_NO_COMMON_BLOCKS = YES;
				GCC_WARN_64_TO_32_BIT_CONVERSION = YES;
				GCC_WARN_ABOUT_RETURN_TYPE = YES_ERROR;
				GCC_WARN_UNDECLARED_SELECTOR = YES;
				GCC_WARN_UNINITIALIZED_AUTOS = YES_AGGRESSIVE;
				GCC_WARN_UNUSED_FUNCTION = YES;
				GCC_WARN_UNUSED_VARIABLE = YES;
				IPHONEOS_DEPLOYMENT_TARGET = 10.3;
				MTL_ENABLE_DEBUG_INFO = NO;
				SDKROOT = iphoneos;
				SWIFT_OPTIMIZATION_LEVEL = "-Owholemodule";
				TARGETED_DEVICE_FAMILY = "1,2";
				VALIDATE_PRODUCT = YES;
			};
			name = Release;
		};
		9CE2D54F1F0B8233007DD94E /* Debug */ = {
			isa = XCBuildConfiguration;
			buildSettings = {
				ASSETCATALOG_COMPILER_APPICON_NAME = AppIcon;
				DEVELOPMENT_TEAM = 9X2EVZ736U;
				INFOPLIST_FILE = EasyViewer/Info.plist;
				IPHONEOS_DEPLOYMENT_TARGET = 8.0;
				LD_RUNPATH_SEARCH_PATHS = "$(inherited) @executable_path/Frameworks";
				PRODUCT_BUNDLE_IDENTIFIER = myron.EasyViewer;
				PRODUCT_NAME = "$(TARGET_NAME)";
				SWIFT_VERSION = 3.0;
			};
			name = Debug;
		};
		9CE2D5501F0B8233007DD94E /* Release */ = {
			isa = XCBuildConfiguration;
			buildSettings = {
				ASSETCATALOG_COMPILER_APPICON_NAME = AppIcon;
				DEVELOPMENT_TEAM = 9X2EVZ736U;
				INFOPLIST_FILE = EasyViewer/Info.plist;
				IPHONEOS_DEPLOYMENT_TARGET = 8.0;
				LD_RUNPATH_SEARCH_PATHS = "$(inherited) @executable_path/Frameworks";
				PRODUCT_BUNDLE_IDENTIFIER = myron.EasyViewer;
				PRODUCT_NAME = "$(TARGET_NAME)";
				SWIFT_VERSION = 3.0;
			};
			name = Release;
		};
/* End XCBuildConfiguration section */

/* Begin XCConfigurationList section */
		9CE2D5371F0B8233007DD94E /* Build configuration list for PBXProject "EasyViewer" */ = {
			isa = XCConfigurationList;
			buildConfigurations = (
				9CE2D54C1F0B8233007DD94E /* Debug */,
				9CE2D54D1F0B8233007DD94E /* Release */,
			);
			defaultConfigurationIsVisible = 0;
			defaultConfigurationName = Release;
		};
		9CE2D54E1F0B8233007DD94E /* Build configuration list for PBXNativeTarget "EasyViewer" */ = {
			isa = XCConfigurationList;
			buildConfigurations = (
				9CE2D54F1F0B8233007DD94E /* Debug */,
				9CE2D5501F0B8233007DD94E /* Release */,
			);
			defaultConfigurationIsVisible = 0;
			defaultConfigurationName = Release;
		};
/* End XCConfigurationList section */
	};
	rootObject = 9CE2D5341F0B8233007DD94E /* Project object */;
}
